
Microsoft Visual Studio Solution File, Format Version 12.00
# Visual Studio Version 16
VisualStudioVersion = 16.0.31729.503
MinimumVisualStudioVersion = 10.0.40219.1
Project("{FAE04EC0-301F-11D3-BF4B-00C04F79EFBC}") = "Vending machine 2 electric boogaloo", "Vending machine 2 electric boogaloo\Vending machine 2 electric boogaloo.csproj", "{65F25AF0-8014-42CE-BEDB-2CB2A54AA457}"
EndProject
Global
	GlobalSection(SolutionConfigurationPlatforms) = preSolution
		Debug|Any CPU = Debug|Any CPU
		Release|Any CPU = Release|Any CPU
	EndGlobalSection
	GlobalSection(ProjectConfigurationPlatforms) = postSolution
		{65F25AF0-8014-42CE-BEDB-2CB2A54AA457}.Debug|Any CPU.ActiveCfg = Debug|Any CPU
		{65F25AF0-8014-42CE-BEDB-2CB2A54AA457}.Debug|Any CPU.Build.0 = Debug|Any CPU
		{65F25AF0-8014-42CE-BEDB-2CB2A54AA457}.Release|Any CPU.ActiveCfg = Release|Any CPU
		{65F25AF0-8014-42CE-BEDB-2CB2A54AA457}.Release|Any CPU.Build.0 = Release|Any CPU
	EndGlobalSection
	GlobalSection(SolutionProperties) = preSolution
		HideSolutionNode = FALSE
	EndGlobalSection
	GlobalSection(ExtensibilityGlobals) = postSolution
		SolutionGuid = {4B3FFF6D-A1BD-43AB-A0A0-62E3F44F8602}
	EndGlobalSection
EndGlobal
